
Microsoft Visual Studio Solution File, Format Version 12.00
# Visual Studio Version 16
VisualStudioVersion = 16.0.30114.105
MinimumVisualStudioVersion = 10.0.40219.1
Project("{2150E333-8FDC-42A3-9474-1A3956D46DE8}") = "EnterpriseBusinessRules", "EnterpriseBusinessRules", "{0DDCA533-945D-4C15-94F9-60CEF42AC57D}"
EndProject
Project("{FAE04EC0-301F-11D3-BF4B-00C04F79EFBC}") = "Entities", "EnterpriseBusinessRules\Entities\Entities.csproj", "{FC380ED0-7D6F-4E1D-BA32-545E13D44D26}"
EndProject
Project("{2150E333-8FDC-42A3-9474-1A3956D46DE8}") = "InterfaceAdapters", "InterfaceAdapters", "{303699C1-5AE4-48D5-8B9B-F3F47E80F122}"
EndProject
Project("{2150E333-8FDC-42A3-9474-1A3956D46DE8}") = "Gateways", "Gateways", "{9FCA0AFB-A245-418E-8C71-639FAC2320F8}"
EndProject
Project("{FAE04EC0-301F-11D3-BF4B-00C04F79EFBC}") = "RepositoryEFCore", "InterfaceAdapters\Gateways\RepositoryEFCore\RepositoryEFCore.csproj", "{AEE8BA75-23CF-4514-A31E-46719E6626CA}"
EndProject
Project("{2150E333-8FDC-42A3-9474-1A3956D46DE8}") = "ApplicationBusinessRules", "ApplicationBusinessRules", "{D3E6E81F-C9EB-4593-819A-442AD933F95B}"
EndProject
Project("{FAE04EC0-301F-11D3-BF4B-00C04F79EFBC}") = "DTOs", "ApplicationBusinessRules\DTOs\DTOs.csproj", "{48E055E2-ABB0-44DD-B8E3-43105AD783A6}"
EndProject
Project("{FAE04EC0-301F-11D3-BF4B-00C04F79EFBC}") = "UseCasesPorts", "ApplicationBusinessRules\UseCasesPorts\UseCasesPorts.csproj", "{B19BCAA9-ED51-43D8-A5D5-23CA800BDDEA}"
EndProject
Project("{FAE04EC0-301F-11D3-BF4B-00C04F79EFBC}") = "UseCases", "ApplicationBusinessRules\UseCases\UseCases.csproj", "{AD9EC7EE-8583-4526-ADFF-0600BC2C5C04}"
EndProject
Project("{2150E333-8FDC-42A3-9474-1A3956D46DE8}") = "Presenters", "Presenters", "{8C53F199-1E0C-4757-A313-06F8032A2588}"
EndProject
Project("{FAE04EC0-301F-11D3-BF4B-00C04F79EFBC}") = "Presenters", "InterfaceAdapters\Presenters\Presenters\Presenters.csproj", "{0854F89A-1F88-47C4-AFCF-DC9BD0366471}"
EndProject
Project("{2150E333-8FDC-42A3-9474-1A3956D46DE8}") = "Controllers", "Controllers", "{F6DD9BF8-2F16-4AAA-B216-A592B0DD9585}"
EndProject
Project("{FAE04EC0-301F-11D3-BF4B-00C04F79EFBC}") = "Controllers", "InterfaceAdapters\Controllers\Controllers\Controllers.csproj", "{782CB1C0-3552-41E2-914E-EF5046C8BE8B}"
EndProject
Project("{FAE04EC0-301F-11D3-BF4B-00C04F79EFBC}") = "IoC", "InterfaceAdapters\Gateways\IoC\IoC.csproj", "{4D23ADB8-0E7A-4261-BDCF-728D6573996C}"
EndProject
Project("{2150E333-8FDC-42A3-9474-1A3956D46DE8}") = "FrameworksAndDrivers", "FrameworksAndDrivers", "{F8EAB87E-5B9A-4AD2-8CF7-1F4B3AF671AE}"
EndProject
Project("{2150E333-8FDC-42A3-9474-1A3956D46DE8}") = "UIs", "UIs", "{2F76AC20-859E-498E-939D-64CA36239824}"
EndProject
Project("{FAE04EC0-301F-11D3-BF4B-00C04F79EFBC}") = "Api", "FrameworksAndDrivers\UIs\Api\Api.csproj", "{23C016AF-456F-48A0-AE9E-F1D7AB964FA2}"
EndProject
Global
	GlobalSection(SolutionConfigurationPlatforms) = preSolution
		Debug|Any CPU = Debug|Any CPU
		Release|Any CPU = Release|Any CPU
	EndGlobalSection
	GlobalSection(SolutionProperties) = preSolution
		HideSolutionNode = FALSE
	EndGlobalSection
	GlobalSection(ProjectConfigurationPlatforms) = postSolution
		{FC380ED0-7D6F-4E1D-BA32-545E13D44D26}.Debug|Any CPU.ActiveCfg = Debug|Any CPU
		{FC380ED0-7D6F-4E1D-BA32-545E13D44D26}.Debug|Any CPU.Build.0 = Debug|Any CPU
		{FC380ED0-7D6F-4E1D-BA32-545E13D44D26}.Release|Any CPU.ActiveCfg = Release|Any CPU
		{FC380ED0-7D6F-4E1D-BA32-545E13D44D26}.Release|Any CPU.Build.0 = Release|Any CPU
		{AEE8BA75-23CF-4514-A31E-46719E6626CA}.Debug|Any CPU.ActiveCfg = Debug|Any CPU
		{AEE8BA75-23CF-4514-A31E-46719E6626CA}.Debug|Any CPU.Build.0 = Debug|Any CPU
		{AEE8BA75-23CF-4514-A31E-46719E6626CA}.Release|Any CPU.ActiveCfg = Release|Any CPU
		{AEE8BA75-23CF-4514-A31E-46719E6626CA}.Release|Any CPU.Build.0 = Release|Any CPU
		{48E055E2-ABB0-44DD-B8E3-43105AD783A6}.Debug|Any CPU.ActiveCfg = Debug|Any CPU
		{48E055E2-ABB0-44DD-B8E3-43105AD783A6}.Debug|Any CPU.Build.0 = Debug|Any CPU
		{48E055E2-ABB0-44DD-B8E3-43105AD783A6}.Release|Any CPU.ActiveCfg = Release|Any CPU
		{48E055E2-ABB0-44DD-B8E3-43105AD783A6}.Release|Any CPU.Build.0 = Release|Any CPU
		{B19BCAA9-ED51-43D8-A5D5-23CA800BDDEA}.Debug|Any CPU.ActiveCfg = Debug|Any CPU
		{B19BCAA9-ED51-43D8-A5D5-23CA800BDDEA}.Debug|Any CPU.Build.0 = Debug|Any CPU
		{B19BCAA9-ED51-43D8-A5D5-23CA800BDDEA}.Release|Any CPU.ActiveCfg = Release|Any CPU
		{B19BCAA9-ED51-43D8-A5D5-23CA800BDDEA}.Release|Any CPU.Build.0 = Release|Any CPU
		{AD9EC7EE-8583-4526-ADFF-0600BC2C5C04}.Debug|Any CPU.ActiveCfg = Debug|Any CPU
		{AD9EC7EE-8583-4526-ADFF-0600BC2C5C04}.Debug|Any CPU.Build.0 = Debug|Any CPU
		{AD9EC7EE-8583-4526-ADFF-0600BC2C5C04}.Release|Any CPU.ActiveCfg = Release|Any CPU
		{AD9EC7EE-8583-4526-ADFF-0600BC2C5C04}.Release|Any CPU.Build.0 = Release|Any CPU
		{0854F89A-1F88-47C4-AFCF-DC9BD0366471}.Debug|Any CPU.ActiveCfg = Debug|Any CPU
		{0854F89A-1F88-47C4-AFCF-DC9BD0366471}.Debug|Any CPU.Build.0 = Debug|Any CPU
		{0854F89A-1F88-47C4-AFCF-DC9BD0366471}.Release|Any CPU.ActiveCfg = Release|Any CPU
		{0854F89A-1F88-47C4-AFCF-DC9BD0366471}.Release|Any CPU.Build.0 = Release|Any CPU
		{782CB1C0-3552-41E2-914E-EF5046C8BE8B}.Debug|Any CPU.ActiveCfg = Debug|Any CPU
		{782CB1C0-3552-41E2-914E-EF5046C8BE8B}.Debug|Any CPU.Build.0 = Debug|Any CPU
		{782CB1C0-3552-41E2-914E-EF5046C8BE8B}.Release|Any CPU.ActiveCfg = Release|Any CPU
		{782CB1C0-3552-41E2-914E-EF5046C8BE8B}.Release|Any CPU.Build.0 = Release|Any CPU
		{4D23ADB8-0E7A-4261-BDCF-728D6573996C}.Debug|Any CPU.ActiveCfg = Debug|Any CPU
		{4D23ADB8-0E7A-4261-BDCF-728D6573996C}.Debug|Any CPU.Build.0 = Debug|Any CPU
		{4D23ADB8-0E7A-4261-BDCF-728D6573996C}.Release|Any CPU.ActiveCfg = Release|Any CPU
		{4D23ADB8-0E7A-4261-BDCF-728D6573996C}.Release|Any CPU.Build.0 = Release|Any CPU
		{23C016AF-456F-48A0-AE9E-F1D7AB964FA2}.Debug|Any CPU.ActiveCfg = Debug|Any CPU
		{23C016AF-456F-48A0-AE9E-F1D7AB964FA2}.Debug|Any CPU.Build.0 = Debug|Any CPU
		{23C016AF-456F-48A0-AE9E-F1D7AB964FA2}.Release|Any CPU.ActiveCfg = Release|Any CPU
		{23C016AF-456F-48A0-AE9E-F1D7AB964FA2}.Release|Any CPU.Build.0 = Release|Any CPU
	EndGlobalSection
	GlobalSection(NestedProjects) = preSolution
		{FC380ED0-7D6F-4E1D-BA32-545E13D44D26} = {0DDCA533-945D-4C15-94F9-60CEF42AC57D}
		{9FCA0AFB-A245-418E-8C71-639FAC2320F8} = {303699C1-5AE4-48D5-8B9B-F3F47E80F122}
		{AEE8BA75-23CF-4514-A31E-46719E6626CA} = {9FCA0AFB-A245-418E-8C71-639FAC2320F8}
		{48E055E2-ABB0-44DD-B8E3-43105AD783A6} = {D3E6E81F-C9EB-4593-819A-442AD933F95B}
		{B19BCAA9-ED51-43D8-A5D5-23CA800BDDEA} = {D3E6E81F-C9EB-4593-819A-442AD933F95B}
		{AD9EC7EE-8583-4526-ADFF-0600BC2C5C04} = {D3E6E81F-C9EB-4593-819A-442AD933F95B}
		{8C53F199-1E0C-4757-A313-06F8032A2588} = {303699C1-5AE4-48D5-8B9B-F3F47E80F122}
		{0854F89A-1F88-47C4-AFCF-DC9BD0366471} = {8C53F199-1E0C-4757-A313-06F8032A2588}
		{F6DD9BF8-2F16-4AAA-B216-A592B0DD9585} = {303699C1-5AE4-48D5-8B9B-F3F47E80F122}
		{782CB1C0-3552-41E2-914E-EF5046C8BE8B} = {F6DD9BF8-2F16-4AAA-B216-A592B0DD9585}
		{4D23ADB8-0E7A-4261-BDCF-728D6573996C} = {9FCA0AFB-A245-418E-8C71-639FAC2320F8}
		{2F76AC20-859E-498E-939D-64CA36239824} = {F8EAB87E-5B9A-4AD2-8CF7-1F4B3AF671AE}
		{23C016AF-456F-48A0-AE9E-F1D7AB964FA2} = {2F76AC20-859E-498E-939D-64CA36239824}
	EndGlobalSection
EndGlobal
